// !$*UTF8*$!
{
	archiveVersion = 1;
	classes = {
	};
	objectVersion = 46;
	objects = {

/* Begin PBXBuildFile section */
		509BC12E226FE54D0048B95F /* libThree20.a in Frameworks */ = {isa = PBXBuildFile; fileRef = 509BC124226FE4C10048B95F /* libThree20.a */; };
		509BC135226FE54D0048B95F /* libThree20Core.a in Frameworks */ = {isa = PBXBuildFile; fileRef = 509BC12F226FE54D0048B95F /* libThree20Core.a */; };
		509BC136226FE54D0048B95F /* libThree20Network.a in Frameworks */ = {isa = PBXBuildFile; fileRef = 509BC130226FE54D0048B95F /* libThree20Network.a */; };
		509BC137226FE54D0048B95F /* libThree20Style.a in Frameworks */ = {isa = PBXBuildFile; fileRef = 509BC131226FE54D0048B95F /* libThree20Style.a */; };
		509BC138226FE54D0048B95F /* libThree20UI.a in Frameworks */ = {isa = PBXBuildFile; fileRef = 509BC132226FE54D0048B95F /* libThree20UI.a */; };
		509BC139226FE54D0048B95F /* libThree20UICommon.a in Frameworks */ = {isa = PBXBuildFile; fileRef = 509BC133226FE54D0048B95F /* libThree20UICommon.a */; };
		509BC13A226FE54D0048B95F /* libThree20UINavigator.a in Frameworks */ = {isa = PBXBuildFile; fileRef = 509BC134226FE54D0048B95F /* libThree20UINavigator.a */; };
		509BC13C226FE5720048B95F /* QuartzCore.framework in Frameworks */ = {isa = PBXBuildFile; fileRef = 509BC13B226FE5720048B95F /* QuartzCore.framework */; };
		509BC13F226FE5B00048B95F /* Three20.bundle in Resources */ = {isa = PBXBuildFile; fileRef = 509BC13E226FE5B00048B95F /* Three20.bundle */; };
		50DDBD16226F3912008306D8 /* UIKit.framework in Frameworks */ = {isa = PBXBuildFile; fileRef = 50DDBD15226F3912008306D8 /* UIKit.framework */; };
		50DDBD18226F3912008306D8 /* Foundation.framework in Frameworks */ = {isa = PBXBuildFile; fileRef = 50DDBD17226F3912008306D8 /* Foundation.framework */; };
		50DDBD1A226F3912008306D8 /* CoreGraphics.framework in Frameworks */ = {isa = PBXBuildFile; fileRef = 50DDBD19226F3912008306D8 /* CoreGraphics.framework */; };
		50DDBD20226F3912008306D8 /* InfoPlist.strings in Resources */ = {isa = PBXBuildFile; fileRef = 50DDBD1E226F3912008306D8 /* InfoPlist.strings */; };
		50DDBD22226F3912008306D8 /* main.m in Sources */ = {isa = PBXBuildFile; fileRef = 50DDBD21226F3912008306D8 /* main.m */; };
		50DDBD26226F3912008306D8 /* AppDelegate.m in Sources */ = {isa = PBXBuildFile; fileRef = 50DDBD25226F3912008306D8 /* AppDelegate.m */; };
/* End PBXBuildFile section */

/* Begin PBXContainerItemProxy section */
		509BC123226FE4C10048B95F /* PBXContainerItemProxy */ = {
			isa = PBXContainerItemProxy;
			containerPortal = 509BC0F8226FE4C00048B95F /* Three20.xcodeproj */;
			proxyType = 2;
			remoteGlobalIDString = BEF31F3A0F352DF5000DE5D2;
			remoteInfo = Three20;
		};
		509BC125226FE4C10048B95F /* PBXContainerItemProxy */ = {
			isa = PBXContainerItemProxy;
			containerPortal = 509BC0F8226FE4C00048B95F /* Three20.xcodeproj */;
			proxyType = 2;
			remoteGlobalIDString = EB9E6C6210B6A8F800DE563C;
			remoteInfo = UnitTests;
		};
		509BC12C226FE5450048B95F /* PBXContainerItemProxy */ = {
			isa = PBXContainerItemProxy;
			containerPortal = 509BC0F8226FE4C00048B95F /* Three20.xcodeproj */;
			proxyType = 1;
			remoteGlobalIDString = BEF31F390F352DF5000DE5D2;
			remoteInfo = Three20;
		};
/* End PBXContainerItemProxy section */

/* Begin PBXFileReference section */
		509BC0F8226FE4C00048B95F /* Three20.xcodeproj */ = {isa = PBXFileReference; lastKnownFileType = "wrapper.pb-project"; name = Three20.xcodeproj; path = ../three20/src/Three20/Three20.xcodeproj; sourceTree = "<group>"; };
		509BC12F226FE54D0048B95F /* libThree20Core.a */ = {isa = PBXFileReference; lastKnownFileType = archive.ar; name = libThree20Core.a; path = "/Users/jeffreybergier/Developer/My Github/LegacyTopMovies/three20/src/Three20Core/../../Build/Products/Release-iphoneos/libThree20Core.a"; sourceTree = "<absolute>"; };
		509BC130226FE54D0048B95F /* libThree20Network.a */ = {isa = PBXFileReference; lastKnownFileType = archive.ar; name = libThree20Network.a; path = "/Users/jeffreybergier/Developer/My Github/LegacyTopMovies/three20/src/Three20Network/../../Build/Products/Release-iphoneos/libThree20Network.a"; sourceTree = "<absolute>"; };
		509BC131226FE54D0048B95F /* libThree20Style.a */ = {isa = PBXFileReference; lastKnownFileType = archive.ar; name = libThree20Style.a; path = "/Users/jeffreybergier/Developer/My Github/LegacyTopMovies/three20/src/Three20Style/../../Build/Products/Release-iphoneos/libThree20Style.a"; sourceTree = "<absolute>"; };
		509BC132226FE54D0048B95F /* libThree20UI.a */ = {isa = PBXFileReference; lastKnownFileType = archive.ar; name = libThree20UI.a; path = "/Users/jeffreybergier/Developer/My Github/LegacyTopMovies/three20/src/Three20UI/../../Build/Products/Release-iphoneos/libThree20UI.a"; sourceTree = "<absolute>"; };
		509BC133226FE54D0048B95F /* libThree20UICommon.a */ = {isa = PBXFileReference; lastKnownFileType = archive.ar; name = libThree20UICommon.a; path = "/Users/jeffreybergier/Developer/My Github/LegacyTopMovies/three20/src/Three20UICommon/../../Build/Products/Release-iphoneos/libThree20UICommon.a"; sourceTree = "<absolute>"; };
		509BC134226FE54D0048B95F /* libThree20UINavigator.a */ = {isa = PBXFileReference; lastKnownFileType = archive.ar; name = libThree20UINavigator.a; path = "/Users/jeffreybergier/Developer/My Github/LegacyTopMovies/three20/src/Three20UINavigator/../../Build/Products/Release-iphoneos/libThree20UINavigator.a"; sourceTree = "<absolute>"; };
		509BC13B226FE5720048B95F /* QuartzCore.framework */ = {isa = PBXFileReference; lastKnownFileType = wrapper.framework; name = QuartzCore.framework; path = System/Library/Frameworks/QuartzCore.framework; sourceTree = SDKROOT; };
		509BC13E226FE5B00048B95F /* Three20.bundle */ = {isa = PBXFileReference; lastKnownFileType = "wrapper.plug-in"; name = Three20.bundle; path = ../../three20/src/Three20.bundle; sourceTree = "<group>"; };
		50DDBD11226F3912008306D8 /* TopMovies.app */ = {isa = PBXFileReference; explicitFileType = wrapper.application; includeInIndex = 0; path = TopMovies.app; sourceTree = BUILT_PRODUCTS_DIR; };
		50DDBD15226F3912008306D8 /* UIKit.framework */ = {isa = PBXFileReference; lastKnownFileType = wrapper.framework; name = UIKit.framework; path = System/Library/Frameworks/UIKit.framework; sourceTree = SDKROOT; };
		50DDBD17226F3912008306D8 /* Foundation.framework */ = {isa = PBXFileReference; lastKnownFileType = wrapper.framework; name = Foundation.framework; path = System/Library/Frameworks/Foundation.framework; sourceTree = SDKROOT; };
		50DDBD19226F3912008306D8 /* CoreGraphics.framework */ = {isa = PBXFileReference; lastKnownFileType = wrapper.framework; name = CoreGraphics.framework; path = System/Library/Frameworks/CoreGraphics.framework; sourceTree = SDKROOT; };
		50DDBD1D226F3912008306D8 /* TopMovies-Info.plist */ = {isa = PBXFileReference; lastKnownFileType = text.plist.xml; path = "TopMovies-Info.plist"; sourceTree = "<group>"; };
		50DDBD1F226F3912008306D8 /* en */ = {isa = PBXFileReference; lastKnownFileType = text.plist.strings; name = en; path = en.lproj/InfoPlist.strings; sourceTree = "<group>"; };
		50DDBD21226F3912008306D8 /* main.m */ = {isa = PBXFileReference; lastKnownFileType = sourcecode.c.objc; path = main.m; sourceTree = "<group>"; };
		50DDBD23226F3912008306D8 /* TopMovies-Prefix.pch */ = {isa = PBXFileReference; lastKnownFileType = sourcecode.c.h; path = "TopMovies-Prefix.pch"; sourceTree = "<group>"; };
		50DDBD24226F3912008306D8 /* AppDelegate.h */ = {isa = PBXFileReference; lastKnownFileType = sourcecode.c.h; path = AppDelegate.h; sourceTree = "<group>"; };
		50DDBD25226F3912008306D8 /* AppDelegate.m */ = {isa = PBXFileReference; lastKnownFileType = sourcecode.c.objc; path = AppDelegate.m; sourceTree = "<group>"; };
/* End PBXFileReference section */

/* Begin PBXFrameworksBuildPhase section */
		50DDBD0E226F3912008306D8 /* Frameworks */ = {
			isa = PBXFrameworksBuildPhase;
			buildActionMask = 2147483647;
			files = (
				509BC13C226FE5720048B95F /* QuartzCore.framework in Frameworks */,
				509BC135226FE54D0048B95F /* libThree20Core.a in Frameworks */,
				509BC136226FE54D0048B95F /* libThree20Network.a in Frameworks */,
				509BC137226FE54D0048B95F /* libThree20Style.a in Frameworks */,
				509BC138226FE54D0048B95F /* libThree20UI.a in Frameworks */,
				509BC139226FE54D0048B95F /* libThree20UICommon.a in Frameworks */,
				509BC13A226FE54D0048B95F /* libThree20UINavigator.a in Frameworks */,
				509BC12E226FE54D0048B95F /* libThree20.a in Frameworks */,
				50DDBD16226F3912008306D8 /* UIKit.framework in Frameworks */,
				50DDBD18226F3912008306D8 /* Foundation.framework in Frameworks */,
				50DDBD1A226F3912008306D8 /* CoreGraphics.framework in Frameworks */,
			);
			runOnlyForDeploymentPostprocessing = 0;
		};
/* End PBXFrameworksBuildPhase section */

/* Begin PBXGroup section */
		509BC0F9226FE4C00048B95F /* Products */ = {
			isa = PBXGroup;
			children = (
				509BC124226FE4C10048B95F /* libThree20.a */,
				509BC126226FE4C10048B95F /* UnitTests.octest */,
			);
			name = Products;
			sourceTree = "<group>";
		};
		509BC13D226FE5970048B95F /* Assets */ = {
			isa = PBXGroup;
			children = (
				509BC13E226FE5B00048B95F /* Three20.bundle */,
			);
			name = Assets;
			sourceTree = "<group>";
		};
		50DDBD06226F3912008306D8 = {
			isa = PBXGroup;
			children = (
				50DDBD1B226F3912008306D8 /* TopMovies */,
				50DDBD14226F3912008306D8 /* Frameworks */,
				50DDBD12226F3912008306D8 /* Products */,
				509BC0F8226FE4C00048B95F /* Three20.xcodeproj */,
			);
			sourceTree = "<group>";
		};
		50DDBD12226F3912008306D8 /* Products */ = {
			isa = PBXGroup;
			children = (
				50DDBD11226F3912008306D8 /* TopMovies.app */,
			);
			name = Products;
			sourceTree = "<group>";
		};
		50DDBD14226F3912008306D8 /* Frameworks */ = {
			isa = PBXGroup;
			children = (
				50DDBD15226F3912008306D8 /* UIKit.framework */,
				50DDBD17226F3912008306D8 /* Foundation.framework */,
				50DDBD19226F3912008306D8 /* CoreGraphics.framework */,
				509BC13B226FE5720048B95F /* QuartzCore.framework */,
				509BC12F226FE54D0048B95F /* libThree20Core.a */,
				509BC130226FE54D0048B95F /* libThree20Network.a */,
				509BC131226FE54D0048B95F /* libThree20Style.a */,
				509BC132226FE54D0048B95F /* libThree20UI.a */,
				509BC133226FE54D0048B95F /* libThree20UICommon.a */,
				509BC134226FE54D0048B95F /* libThree20UINavigator.a */,
			);
			name = Frameworks;
			sourceTree = "<group>";
		};
		50DDBD1B226F3912008306D8 /* TopMovies */ = {
			isa = PBXGroup;
			children = (
				50DDBD24226F3912008306D8 /* AppDelegate.h */,
				50DDBD25226F3912008306D8 /* AppDelegate.m */,
				509BC13D226FE5970048B95F /* Assets */,
				50DDBD1C226F3912008306D8 /* Supporting Files */,
			);
			path = TopMovies;
			sourceTree = "<group>";
		};
		50DDBD1C226F3912008306D8 /* Supporting Files */ = {
			isa = PBXGroup;
			children = (
				50DDBD1D226F3912008306D8 /* TopMovies-Info.plist */,
				50DDBD1E226F3912008306D8 /* InfoPlist.strings */,
				50DDBD21226F3912008306D8 /* main.m */,
				50DDBD23226F3912008306D8 /* TopMovies-Prefix.pch */,
			);
			name = "Supporting Files";
			sourceTree = "<group>";
		};
/* End PBXGroup section */

/* Begin PBXNativeTarget section */
		50DDBD10226F3912008306D8 /* TopMovies */ = {
			isa = PBXNativeTarget;
			buildConfigurationList = 50DDBD29226F3912008306D8 /* Build configuration list for PBXNativeTarget "TopMovies" */;
			buildPhases = (
				50DDBD0D226F3912008306D8 /* Sources */,
				50DDBD0E226F3912008306D8 /* Frameworks */,
				50DDBD0F226F3912008306D8 /* Resources */,
			);
			buildRules = (
			);
			dependencies = (
				509BC12D226FE5450048B95F /* PBXTargetDependency */,
			);
			name = TopMovies;
			productName = TopMovies;
			productReference = 50DDBD11226F3912008306D8 /* TopMovies.app */;
			productType = "com.apple.product-type.application";
		};
/* End PBXNativeTarget section */

/* Begin PBXProject section */
		50DDBD08226F3912008306D8 /* Project object */ = {
			isa = PBXProject;
			attributes = {
				LastUpgradeCheck = 0420;
			};
			buildConfigurationList = 50DDBD0B226F3912008306D8 /* Build configuration list for PBXProject "TopMovies" */;
			compatibilityVersion = "Xcode 3.2";
			developmentRegion = English;
			hasScannedForEncodings = 0;
			knownRegions = (
				en,
			);
			mainGroup = 50DDBD06226F3912008306D8;
			productRefGroup = 50DDBD12226F3912008306D8 /* Products */;
			projectDirPath = "";
			projectReferences = (
				{
					ProductGroup = 509BC0F9226FE4C00048B95F /* Products */;
					ProjectRef = 509BC0F8226FE4C00048B95F /* Three20.xcodeproj */;
				},
			);
			projectRoot = "";
			targets = (
				50DDBD10226F3912008306D8 /* TopMovies */,
			);
		};
/* End PBXProject section */

/* Begin PBXReferenceProxy section */
		509BC124226FE4C10048B95F /* libThree20.a */ = {
			isa = PBXReferenceProxy;
			fileType = archive.ar;
			path = libThree20.a;
			remoteRef = 509BC123226FE4C10048B95F /* PBXContainerItemProxy */;
			sourceTree = BUILT_PRODUCTS_DIR;
		};
		509BC126226FE4C10048B95F /* UnitTests.octest */ = {
			isa = PBXReferenceProxy;
			fileType = wrapper.cfbundle;
			path = UnitTests.octest;
			remoteRef = 509BC125226FE4C10048B95F /* PBXContainerItemProxy */;
			sourceTree = BUILT_PRODUCTS_DIR;
		};
/* End PBXReferenceProxy section */

/* Begin PBXResourcesBuildPhase section */
		50DDBD0F226F3912008306D8 /* Resources */ = {
			isa = PBXResourcesBuildPhase;
			buildActionMask = 2147483647;
			files = (
				50DDBD20226F3912008306D8 /* InfoPlist.strings in Resources */,
				509BC13F226FE5B00048B95F /* Three20.bundle in Resources */,
			);
			runOnlyForDeploymentPostprocessing = 0;
		};
/* End PBXResourcesBuildPhase section */

/* Begin PBXSourcesBuildPhase section */
		50DDBD0D226F3912008306D8 /* Sources */ = {
			isa = PBXSourcesBuildPhase;
			buildActionMask = 2147483647;
			files = (
				50DDBD22226F3912008306D8 /* main.m in Sources */,
				50DDBD26226F3912008306D8 /* AppDelegate.m in Sources */,
			);
			runOnlyForDeploymentPostprocessing = 0;
		};
/* End PBXSourcesBuildPhase section */

/* Begin PBXTargetDependency section */
		509BC12D226FE5450048B95F /* PBXTargetDependency */ = {
			isa = PBXTargetDependency;
			name = Three20;
			targetProxy = 509BC12C226FE5450048B95F /* PBXContainerItemProxy */;
		};
/* End PBXTargetDependency section */

/* Begin PBXVariantGroup section */
		50DDBD1E226F3912008306D8 /* InfoPlist.strings */ = {
			isa = PBXVariantGroup;
			children = (
				50DDBD1F226F3912008306D8 /* en */,
			);
			name = InfoPlist.strings;
			sourceTree = "<group>";
		};
/* End PBXVariantGroup section */

/* Begin XCBuildConfiguration section */
		50DDBD27226F3912008306D8 /* Debug */ = {
			isa = XCBuildConfiguration;
			buildSettings = {
				ALWAYS_SEARCH_USER_PATHS = NO;
				ARCHS = "$(ARCHS_STANDARD_32_BIT)";
				CLANG_ENABLE_OBJC_ARC = YES;
				"CODE_SIGN_IDENTITY[sdk=iphoneos*]" = "iPhone Developer";
				COPY_PHASE_STRIP = NO;
				GCC_C_LANGUAGE_STANDARD = gnu99;
				GCC_DYNAMIC_NO_PIC = NO;
				GCC_OPTIMIZATION_LEVEL = 0;
				GCC_PREPROCESSOR_DEFINITIONS = (
					"DEBUG=1",
					"$(inherited)",
				);
				GCC_SYMBOLS_PRIVATE_EXTERN = NO;
				GCC_VERSION = com.apple.compilers.llvm.clang.1_0;
				GCC_WARN_ABOUT_MISSING_PROTOTYPES = YES;
				GCC_WARN_ABOUT_RETURN_TYPE = YES;
				GCC_WARN_UNUSED_VARIABLE = YES;
				IPHONEOS_DEPLOYMENT_TARGET = 5.0;
				SDKROOT = iphoneos;
			};
			name = Debug;
		};
		50DDBD28226F3912008306D8 /* Release */ = {
			isa = XCBuildConfiguration;
			buildSettings = {
				ALWAYS_SEARCH_USER_PATHS = NO;
				ARCHS = "$(ARCHS_STANDARD_32_BIT)";
				CLANG_ENABLE_OBJC_ARC = YES;
				"CODE_SIGN_IDENTITY[sdk=iphoneos*]" = "iPhone Developer";
				COPY_PHASE_STRIP = YES;
				GCC_C_LANGUAGE_STANDARD = gnu99;
				GCC_VERSION = com.apple.compilers.llvm.clang.1_0;
				GCC_WARN_ABOUT_MISSING_PROTOTYPES = YES;
				GCC_WARN_ABOUT_RETURN_TYPE = YES;
				GCC_WARN_UNUSED_VARIABLE = YES;
				IPHONEOS_DEPLOYMENT_TARGET = 5.0;
				OTHER_CFLAGS = "-DNS_BLOCK_ASSERTIONS=1";
				SDKROOT = iphoneos;
				VALIDATE_PRODUCT = YES;
			};
			name = Release;
		};
		50DDBD2A226F3912008306D8 /* Debug */ = {
			isa = XCBuildConfiguration;
			buildSettings = {
				ARCHS = (
					armv6,
					"$(ARCHS_STANDARD_32_BIT)",
				);
				GCC_PRECOMPILE_PREFIX_HEADER = YES;
				GCC_PREFIX_HEADER = "TopMovies/TopMovies-Prefix.pch";
				INFOPLIST_FILE = "TopMovies/TopMovies-Info.plist";
				IPHONEOS_DEPLOYMENT_TARGET = 3.0;
				PRODUCT_NAME = "$(TARGET_NAME)";
				WRAPPER_EXTENSION = app;
			};
			name = Debug;
		};
		50DDBD2B226F3912008306D8 /* Release */ = {
			isa = XCBuildConfiguration;
			buildSettings = {
				ARCHS = (
					armv6,
					"$(ARCHS_STANDARD_32_BIT)",
				);
				GCC_PRECOMPILE_PREFIX_HEADER = YES;
				GCC_PREFIX_HEADER = "TopMovies/TopMovies-Prefix.pch";
				INFOPLIST_FILE = "TopMovies/TopMovies-Info.plist";
				IPHONEOS_DEPLOYMENT_TARGET = 3.0;
				PRODUCT_NAME = "$(TARGET_NAME)";
				WRAPPER_EXTENSION = app;
			};
			name = Release;
		};
/* End XCBuildConfiguration section */

/* Begin XCConfigurationList section */
		50DDBD0B226F3912008306D8 /* Build configuration list for PBXProject "TopMovies" */ = {
			isa = XCConfigurationList;
			buildConfigurations = (
				50DDBD27226F3912008306D8 /* Debug */,
				50DDBD28226F3912008306D8 /* Release */,
			);
			defaultConfigurationIsVisible = 0;
			defaultConfigurationName = Release;
		};
		50DDBD29226F3912008306D8 /* Build configuration list for PBXNativeTarget "TopMovies" */ = {
			isa = XCConfigurationList;
			buildConfigurations = (
				50DDBD2A226F3912008306D8 /* Debug */,
				50DDBD2B226F3912008306D8 /* Release */,
			);
			defaultConfigurationIsVisible = 0;
			defaultConfigurationName = Release;
		};
/* End XCConfigurationList section */
	};
	rootObject = 50DDBD08226F3912008306D8 /* Project object */;
}
